
Microsoft Visual Studio Solution File, Format Version 12.00
# Visual Studio 15
VisualStudioVersion = 15.0.28307.1433
MinimumVisualStudioVersion = 10.0.40219.1
Project("{FAE04EC0-301F-11D3-BF4B-00C04F79EFBC}") = "SQL_Db_Proje", "SQL_Db_Proje\SQL_Db_Proje.csproj", "{F914C236-79AD-4BD4-A148-D16935E112DF}"
EndProject
Global
	GlobalSection(SolutionConfigurationPlatforms) = preSolution
		Debug|Any CPU = Debug|Any CPU
		Release|Any CPU = Release|Any CPU
	EndGlobalSection
	GlobalSection(ProjectConfigurationPlatforms) = postSolution
		{F914C236-79AD-4BD4-A148-D16935E112DF}.Debug|Any CPU.ActiveCfg = Debug|Any CPU
		{F914C236-79AD-4BD4-A148-D16935E112DF}.Debug|Any CPU.Build.0 = Debug|Any CPU
		{F914C236-79AD-4BD4-A148-D16935E112DF}.Release|Any CPU.ActiveCfg = Release|Any CPU
		{F914C236-79AD-4BD4-A148-D16935E112DF}.Release|Any CPU.Build.0 = Release|Any CPU
	EndGlobalSection
	GlobalSection(SolutionProperties) = preSolution
		HideSolutionNode = FALSE
	EndGlobalSection
	GlobalSection(ExtensibilityGlobals) = postSolution
		SolutionGuid = {7D815E47-A891-417F-AC43-EB5C86660FF0}
	EndGlobalSection
EndGlobal
