
Microsoft Visual Studio Solution File, Format Version 12.00
# Visual Studio 15
VisualStudioVersion = 15.0.28307.1525
MinimumVisualStudioVersion = 10.0.40219.1
Project("{FAE04EC0-301F-11D3-BF4B-00C04F79EFBC}") = "Ticari_Otomasyon", "Ticari_Otomasyon\Ticari_Otomasyon.csproj", "{ED9262E0-7FC2-4CD7-AD47-DFA9E187DE54}"
EndProject
Global
	GlobalSection(SolutionConfigurationPlatforms) = preSolution
		Debug|Any CPU = Debug|Any CPU
		Release|Any CPU = Release|Any CPU
	EndGlobalSection
	GlobalSection(ProjectConfigurationPlatforms) = postSolution
		{ED9262E0-7FC2-4CD7-AD47-DFA9E187DE54}.Debug|Any CPU.ActiveCfg = Debug|Any CPU
		{ED9262E0-7FC2-4CD7-AD47-DFA9E187DE54}.Debug|Any CPU.Build.0 = Debug|Any CPU
		{ED9262E0-7FC2-4CD7-AD47-DFA9E187DE54}.Release|Any CPU.ActiveCfg = Release|Any CPU
		{ED9262E0-7FC2-4CD7-AD47-DFA9E187DE54}.Release|Any CPU.Build.0 = Release|Any CPU
	EndGlobalSection
	GlobalSection(SolutionProperties) = preSolution
		HideSolutionNode = FALSE
	EndGlobalSection
	GlobalSection(ExtensibilityGlobals) = postSolution
		SolutionGuid = {E151D11E-36CC-45BD-BF15-0F70334CA3B8}
	EndGlobalSection
EndGlobal
